// !$*UTF8*$!
{
	archiveVersion = 1;
	classes = {
	};
	objectVersion = 90;
	objects = {

/* Begin PBXBuildFile section */
		B20000000000000000000011 /* ReadiumShared in Frameworks */ = {isa = PBXBuildFile; productRef = B20000000000000000000021 /* ReadiumShared */; };
		B20000000000000000000012 /* ReadiumStreamer in Frameworks */ = {isa = PBXBuildFile; productRef = B20000000000000000000022 /* ReadiumStreamer */; };
		B20000000000000000000013 /* ReadiumNavigator in Frameworks */ = {isa = PBXBuildFile; productRef = B20000000000000000000023 /* ReadiumNavigator */; };
		C560A5B066E8B55647C39EB6 /* Assets.xcassets in Resources */ = {isa = PBXBuildFile; fileRef = C99385CFDAC87434F1F34FB7 /* Assets.xcassets */; };
		C6DF0CF6E08F89E8E0585E31 /* ContentView.swift in Sources */ = {isa = PBXBuildFile; fileRef = CE900CB190A4DDC665BF6BA7 /* ContentView.swift */; };
		C8B7C90AF3CB94237B857EFF /* WoYuJianNiHeJuChunQiu-2.ttf in Resources */ = {isa = PBXBuildFile; fileRef = CA9CB98EED8E0D25F97BF921 /* WoYuJianNiHeJuChunQiu-2.ttf */; };
		C3D1E54CB4195EB407202AD0 /* LibraryStore.swift in Sources */ = {isa = PBXBuildFile; fileRef = C6F1E82A06BF33D3DA67828D /* LibraryStore.swift */; };
		CFBBB0FD0FEBF3E37395D43C /* MyApp.swift in Sources */ = {isa = PBXBuildFile; fileRef = C607067D9C0D09F76C5759BD /* MyApp.swift */; };
		C6B873D2C1F42B1EC449835D /* AIReadingSheet.swift in Sources */ = {isa = PBXBuildFile; fileRef = C1356CA0975EA6705A05AFD7 /* AIReadingSheet.swift */; };
		C0B019E9505C64FC823075FE /* BookLayoutIndexer.swift in Sources */ = {isa = PBXBuildFile; fileRef = C04B00F0A3EA66348E35EEDE /* BookLayoutIndexer.swift */; };
		C3B2666EE34533C029E7224D /* BookPageArchive.swift in Sources */ = {isa = PBXBuildFile; fileRef = C58E12E0CF7103F8DA0B6FBE /* BookPageArchive.swift */; };
		C07F32A310196221EE5E31ED /* PageCurlMetalView.swift in Sources */ = {isa = PBXBuildFile; fileRef = CAA5930459C7758CD2C7ED6A /* PageCurlMetalView.swift */; };
		CFCF810A3D0B7C66A555BC87 /* PageCurlOverlay.swift in Sources */ = {isa = PBXBuildFile; fileRef = CBC7A1F71AE49663E51CB080 /* PageCurlOverlay.swift */; };
		CF51C01BFDB231F9688B2493 /* PageCurlShader.metal in Sources */ = {isa = PBXBuildFile; fileRef = CE1025524AA18A4F5FFE885E /* PageCurlShader.metal */; };
		C6241C211AD39296EFF1D5C8 /* PageTurnCoordinator.swift in Sources */ = {isa = PBXBuildFile; fileRef = C6410EFB0A601D12741A67A9 /* PageTurnCoordinator.swift */; };
		C8A7551351FCB81E5F94D1C2 /* PaperFoldGeometry.swift in Sources */ = {isa = PBXBuildFile; fileRef = C651A5B817BBD640D9610B56 /* PaperFoldGeometry.swift */; };
		CE490C0374D67B2E94BEB6B8 /* PendingSelection.swift in Sources */ = {isa = PBXBuildFile; fileRef = CCF2AA0B943DD3AF5D71104A /* PendingSelection.swift */; };
		C923D90989C8D62B076B94C7 /* ReaderLayoutProfile.swift in Sources */ = {isa = PBXBuildFile; fileRef = C6713346B584CF0D7B8607E8 /* ReaderLayoutProfile.swift */; };
		C595000F97835DB1D407B142 /* ReaderNavigationSheet.swift in Sources */ = {isa = PBXBuildFile; fileRef = C8D5384C03AF6AB780DEC03A /* ReaderNavigationSheet.swift */; };
		C7BEEA1308159DD5D67D36F3 /* ReaderPaginationPrecomputer.swift in Sources */ = {isa = PBXBuildFile; fileRef = CFB306C1B83B4CF75477AAD5 /* ReaderPaginationPrecomputer.swift */; };
		CCD683FC3E0720AF993E944F /* ReaderView.swift in Sources */ = {isa = PBXBuildFile; fileRef = C6B0DC79A107355FB27DD224 /* ReaderView.swift */; };
		CA82DBC58D4DF1E8AF4DD5EE /* SelectableAnswerText.swift in Sources */ = {isa = PBXBuildFile; fileRef = C1702C6CCA91DE12BC26499E /* SelectableAnswerText.swift */; };
		C9087EA1033A8B7F53D8F388 /* ReadingTypography.swift in Sources */ = {isa = PBXBuildFile; fileRef = CE60A88EF267489E351E8F31 /* ReadingTypography.swift */; };
		C6F67FCFDD4AC00C4AAF9013 /* SettingsView.swift in Sources */ = {isa = PBXBuildFile; fileRef = CB0E072BB840DDBD8B6601C0 /* SettingsView.swift */; };
		CEA3201134A093E504305E1B /* VocabularyNotesStore.swift in Sources */ = {isa = PBXBuildFile; fileRef = CCC670A32F21E4642FFD72F5 /* VocabularyNotesStore.swift */; };
		CC888838B7C8DC7BFF0CB30E /* VocabularyNotesView.swift in Sources */ = {isa = PBXBuildFile; fileRef = C4DF3D06C88C3BBC1221344D /* VocabularyNotesView.swift */; };
		CC69D14F5B39C5596280562E /* AIAnswerRecovery.swift in Sources */ = {isa = PBXBuildFile; fileRef = CB0A0A928A4C8E57830BEEE4 /* AIAnswerRecovery.swift */; };
		CBE18617C6F771034A48F54A /* AIConfiguration.swift in Sources */ = {isa = PBXBuildFile; fileRef = C16EFA7F8E8C21820A47A96C /* AIConfiguration.swift */; };
		CE2AA730DA9F097BAE90DBF0 /* AIHTTPRetry.swift in Sources */ = {isa = PBXBuildFile; fileRef = C9D297629A92B92C11B8E262 /* AIHTTPRetry.swift */; };
		C3BCFC14FE185AEB4F4243AA /* AIModelFilter.swift in Sources */ = {isa = PBXBuildFile; fileRef = C89BE7CE8225188CFB5EA73C /* AIModelFilter.swift */; };
		C1BFCFF89CA20D8F1DF38EDF /* FrenchPartOfSpeech.swift in Sources */ = {isa = PBXBuildFile; fileRef = C8785C940CE3973DEC763662 /* FrenchPartOfSpeech.swift */; };
		C5CF373F7584D30B92AB40DC /* LireAnswer.swift in Sources */ = {isa = PBXBuildFile; fileRef = C020A933076A71788A82C6FF /* LireAnswer.swift */; };
		C1F843450FF5663BC9F22118 /* LireCore.swift in Sources */ = {isa = PBXBuildFile; fileRef = C7CA76191D3D3F2B5C111CB4 /* LireCore.swift */; };
		C7205E0D83533398694D6A2E /* LireSource.swift in Sources */ = {isa = PBXBuildFile; fileRef = CC330E5F0A895E6C82E0A9AE /* LireSource.swift */; };
		C55C50437B96CC513AAFB255 /* VocabularyNote.swift in Sources */ = {isa = PBXBuildFile; fileRef = C9C1BF2E701310F01F8B2805 /* VocabularyNote.swift */; };
		D40000000000000000000002 /* VocabularyToolClient.swift in Sources */ = {isa = PBXBuildFile; fileRef = D40000000000000000000001 /* VocabularyToolClient.swift */; };
/* End PBXBuildFile section */

/* Begin PBXFileReference section */
		000000000000000000000120 /* LireAI.app */ = {isa = PBXFileReference; explicitFileType = wrapper.application; includeInIndex = 0; path = LireAI.app; sourceTree = BUILT_PRODUCTS_DIR; };
		C99385CFDAC87434F1F34FB7 /* Assets.xcassets */ = {isa = PBXFileReference; lastKnownFileType = folder.assetcatalog; path = "Assets.xcassets"; sourceTree = "<group>"; };
		CE900CB190A4DDC665BF6BA7 /* ContentView.swift */ = {isa = PBXFileReference; lastKnownFileType = sourcecode.swift; path = "ContentView.swift"; sourceTree = "<group>"; };
		CA9CB98EED8E0D25F97BF921 /* WoYuJianNiHeJuChunQiu-2.ttf */ = {isa = PBXFileReference; lastKnownFileType = file; path = "WoYuJianNiHeJuChunQiu-2.ttf"; sourceTree = "<group>"; };
		C6F1E82A06BF33D3DA67828D /* LibraryStore.swift */ = {isa = PBXFileReference; lastKnownFileType = sourcecode.swift; path = "LibraryStore.swift"; sourceTree = "<group>"; };
		C607067D9C0D09F76C5759BD /* MyApp.swift */ = {isa = PBXFileReference; lastKnownFileType = sourcecode.swift; path = "MyApp.swift"; sourceTree = "<group>"; };
		C1356CA0975EA6705A05AFD7 /* AIReadingSheet.swift */ = {isa = PBXFileReference; lastKnownFileType = sourcecode.swift; path = "AIReadingSheet.swift"; sourceTree = "<group>"; };
		C04B00F0A3EA66348E35EEDE /* BookLayoutIndexer.swift */ = {isa = PBXFileReference; lastKnownFileType = sourcecode.swift; path = "BookLayoutIndexer.swift"; sourceTree = "<group>"; };
		C58E12E0CF7103F8DA0B6FBE /* BookPageArchive.swift */ = {isa = PBXFileReference; lastKnownFileType = sourcecode.swift; path = "BookPageArchive.swift"; sourceTree = "<group>"; };
		CAA5930459C7758CD2C7ED6A /* PageCurlMetalView.swift */ = {isa = PBXFileReference; lastKnownFileType = sourcecode.swift; path = "PageCurlMetalView.swift"; sourceTree = "<group>"; };
		CBC7A1F71AE49663E51CB080 /* PageCurlOverlay.swift */ = {isa = PBXFileReference; lastKnownFileType = sourcecode.swift; path = "PageCurlOverlay.swift"; sourceTree = "<group>"; };
		CE1025524AA18A4F5FFE885E /* PageCurlShader.metal */ = {isa = PBXFileReference; lastKnownFileType = sourcecode.metal; path = "PageCurlShader.metal"; sourceTree = "<group>"; };
		C6410EFB0A601D12741A67A9 /* PageTurnCoordinator.swift */ = {isa = PBXFileReference; lastKnownFileType = sourcecode.swift; path = "PageTurnCoordinator.swift"; sourceTree = "<group>"; };
		C651A5B817BBD640D9610B56 /* PaperFoldGeometry.swift */ = {isa = PBXFileReference; lastKnownFileType = sourcecode.swift; path = "PaperFoldGeometry.swift"; sourceTree = "<group>"; };
		CCF2AA0B943DD3AF5D71104A /* PendingSelection.swift */ = {isa = PBXFileReference; lastKnownFileType = sourcecode.swift; path = "PendingSelection.swift"; sourceTree = "<group>"; };
		C6713346B584CF0D7B8607E8 /* ReaderLayoutProfile.swift */ = {isa = PBXFileReference; lastKnownFileType = sourcecode.swift; path = "ReaderLayoutProfile.swift"; sourceTree = "<group>"; };
		C8D5384C03AF6AB780DEC03A /* ReaderNavigationSheet.swift */ = {isa = PBXFileReference; lastKnownFileType = sourcecode.swift; path = "ReaderNavigationSheet.swift"; sourceTree = "<group>"; };
		CFB306C1B83B4CF75477AAD5 /* ReaderPaginationPrecomputer.swift */ = {isa = PBXFileReference; lastKnownFileType = sourcecode.swift; path = "ReaderPaginationPrecomputer.swift"; sourceTree = "<group>"; };
		C6B0DC79A107355FB27DD224 /* ReaderView.swift */ = {isa = PBXFileReference; lastKnownFileType = sourcecode.swift; path = "ReaderView.swift"; sourceTree = "<group>"; };
		C1702C6CCA91DE12BC26499E /* SelectableAnswerText.swift */ = {isa = PBXFileReference; lastKnownFileType = sourcecode.swift; path = "SelectableAnswerText.swift"; sourceTree = "<group>"; };
		CE60A88EF267489E351E8F31 /* ReadingTypography.swift */ = {isa = PBXFileReference; lastKnownFileType = sourcecode.swift; path = "ReadingTypography.swift"; sourceTree = "<group>"; };
		CB0E072BB840DDBD8B6601C0 /* SettingsView.swift */ = {isa = PBXFileReference; lastKnownFileType = sourcecode.swift; path = "SettingsView.swift"; sourceTree = "<group>"; };
		CCC670A32F21E4642FFD72F5 /* VocabularyNotesStore.swift */ = {isa = PBXFileReference; lastKnownFileType = sourcecode.swift; path = "VocabularyNotesStore.swift"; sourceTree = "<group>"; };
		C4DF3D06C88C3BBC1221344D /* VocabularyNotesView.swift */ = {isa = PBXFileReference; lastKnownFileType = sourcecode.swift; path = "VocabularyNotesView.swift"; sourceTree = "<group>"; };
		CB0A0A928A4C8E57830BEEE4 /* AIAnswerRecovery.swift */ = {isa = PBXFileReference; lastKnownFileType = sourcecode.swift; path = "AIAnswerRecovery.swift"; sourceTree = "<group>"; };
		C16EFA7F8E8C21820A47A96C /* AIConfiguration.swift */ = {isa = PBXFileReference; lastKnownFileType = sourcecode.swift; path = "AIConfiguration.swift"; sourceTree = "<group>"; };
		C9D297629A92B92C11B8E262 /* AIHTTPRetry.swift */ = {isa = PBXFileReference; lastKnownFileType = sourcecode.swift; path = "AIHTTPRetry.swift"; sourceTree = "<group>"; };
		C89BE7CE8225188CFB5EA73C /* AIModelFilter.swift */ = {isa = PBXFileReference; lastKnownFileType = sourcecode.swift; path = "AIModelFilter.swift"; sourceTree = "<group>"; };
		C8785C940CE3973DEC763662 /* FrenchPartOfSpeech.swift */ = {isa = PBXFileReference; lastKnownFileType = sourcecode.swift; path = "FrenchPartOfSpeech.swift"; sourceTree = "<group>"; };
		C020A933076A71788A82C6FF /* LireAnswer.swift */ = {isa = PBXFileReference; lastKnownFileType = sourcecode.swift; path = "LireAnswer.swift"; sourceTree = "<group>"; };
		C7CA76191D3D3F2B5C111CB4 /* LireCore.swift */ = {isa = PBXFileReference; lastKnownFileType = sourcecode.swift; path = "LireCore.swift"; sourceTree = "<group>"; };
		CC330E5F0A895E6C82E0A9AE /* LireSource.swift */ = {isa = PBXFileReference; lastKnownFileType = sourcecode.swift; path = "LireSource.swift"; sourceTree = "<group>"; };
		C9C1BF2E701310F01F8B2805 /* VocabularyNote.swift */ = {isa = PBXFileReference; lastKnownFileType = sourcecode.swift; path = "VocabularyNote.swift"; sourceTree = "<group>"; };
		D40000000000000000000001 /* VocabularyToolClient.swift */ = {isa = PBXFileReference; lastKnownFileType = sourcecode.swift; path = VocabularyToolClient.swift; sourceTree = "<group>"; };
/* End PBXFileReference section */


/* Begin PBXFrameworksBuildPhase section */
		000000000000000130000000 /* Frameworks */ = {
			isa = PBXFrameworksBuildPhase;
			files = (
				B20000000000000000000011 /* ReadiumShared in Frameworks */,
				B20000000000000000000012 /* ReadiumStreamer in Frameworks */,
				B20000000000000000000013 /* ReadiumNavigator in Frameworks */,
			);
		};
/* End PBXFrameworksBuildPhase section */

/* Begin PBXGroup section */
		000000000000000000000001 = {
			isa = PBXGroup;
			children = (
				000000000000000000000010 /* LireAI */,
				A10000000000000000000005 /* Shared */,
				000000000000000000000020 /* Products */,
			);
			sourceTree = "<group>";
		};
		000000000000000000000020 /* Products */ = {
			isa = PBXGroup;
			children = (
				000000000000000000000120 /* LireAI.app */,
			);
			name = Products;
			sourceTree = "<group>";
		};
		C203E2D935AD06995E00B85F /* Fonts */ = {
			isa = PBXGroup;
			children = (
				CA9CB98EED8E0D25F97BF921 /* WoYuJianNiHeJuChunQiu-2.ttf */,
			);
			path = "Fonts";
			sourceTree = "<group>";
		};
		CF2F8ED4D0C88E8C9BCE0C3F /* Reader */ = {
			isa = PBXGroup;
			children = (
				C1356CA0975EA6705A05AFD7 /* AIReadingSheet.swift */,
				C04B00F0A3EA66348E35EEDE /* BookLayoutIndexer.swift */,
				C58E12E0CF7103F8DA0B6FBE /* BookPageArchive.swift */,
				CAA5930459C7758CD2C7ED6A /* PageCurlMetalView.swift */,
				CBC7A1F71AE49663E51CB080 /* PageCurlOverlay.swift */,
				CE1025524AA18A4F5FFE885E /* PageCurlShader.metal */,
				C6410EFB0A601D12741A67A9 /* PageTurnCoordinator.swift */,
				C651A5B817BBD640D9610B56 /* PaperFoldGeometry.swift */,
				CCF2AA0B943DD3AF5D71104A /* PendingSelection.swift */,
				C6713346B584CF0D7B8607E8 /* ReaderLayoutProfile.swift */,
				C8D5384C03AF6AB780DEC03A /* ReaderNavigationSheet.swift */,
				CFB306C1B83B4CF75477AAD5 /* ReaderPaginationPrecomputer.swift */,
				C6B0DC79A107355FB27DD224 /* ReaderView.swift */,
				C1702C6CCA91DE12BC26499E /* SelectableAnswerText.swift */,
			);
			path = "Reader";
			sourceTree = "<group>";
		};
		000000000000000000000010 /* LireAI */ = {
			isa = PBXGroup;
			children = (
				C99385CFDAC87434F1F34FB7 /* Assets.xcassets */,
				CE900CB190A4DDC665BF6BA7 /* ContentView.swift */,
				C203E2D935AD06995E00B85F /* Fonts */,
				C6F1E82A06BF33D3DA67828D /* LibraryStore.swift */,
				C607067D9C0D09F76C5759BD /* MyApp.swift */,
				CF2F8ED4D0C88E8C9BCE0C3F /* Reader */,
				CE60A88EF267489E351E8F31 /* ReadingTypography.swift */,
				CB0E072BB840DDBD8B6601C0 /* SettingsView.swift */,
				CCC670A32F21E4642FFD72F5 /* VocabularyNotesStore.swift */,
				C4DF3D06C88C3BBC1221344D /* VocabularyNotesView.swift */,
			);
			path = "LireAI";
			sourceTree = "<group>";
		};
		A10000000000000000000005 /* Shared */ = {
			isa = PBXGroup;
			children = (
				CB0A0A928A4C8E57830BEEE4 /* AIAnswerRecovery.swift */,
				C16EFA7F8E8C21820A47A96C /* AIConfiguration.swift */,
				C9D297629A92B92C11B8E262 /* AIHTTPRetry.swift */,
				C89BE7CE8225188CFB5EA73C /* AIModelFilter.swift */,
				C8785C940CE3973DEC763662 /* FrenchPartOfSpeech.swift */,
				C020A933076A71788A82C6FF /* LireAnswer.swift */,
				C7CA76191D3D3F2B5C111CB4 /* LireCore.swift */,
				D40000000000000000000001 /* VocabularyToolClient.swift */,
				CC330E5F0A895E6C82E0A9AE /* LireSource.swift */,
				C9C1BF2E701310F01F8B2805 /* VocabularyNote.swift */,
			);
			path = "Shared";
			sourceTree = "<group>";
		};
/* End PBXGroup section */

/* Begin PBXNativeTarget section */
		000000000000000100000000 /* LireAI */ = {
			isa = PBXNativeTarget;
			buildConfigurationList = 000000000000000110000000 /* Build configuration list for PBXNativeTarget "LireAI" */;
			buildPhases = (
				000000000000000120000000 /* Sources */,
				000000000000000130000000 /* Frameworks */,
				000000000000000140000000 /* Resources */,
			);
			buildRules = (
			);
			name = LireAI;
			packageProductDependencies = (
				B20000000000000000000021 /* ReadiumShared */,
				B20000000000000000000022 /* ReadiumStreamer */,
				B20000000000000000000023 /* ReadiumNavigator */,
			);
			productName = MyApp;
			productReference = 000000000000000000000120 /* LireAI.app */;
			productType = "com.apple.product-type.application";
		};
/* End PBXNativeTarget section */

/* Begin PBXProject section */
		000000000000000000000000 /* Project object */ = {
			isa = PBXProject;
			attributes = {
				BuildIndependentTargetsInParallel = 1;
				LastSwiftUpdateCheck = 2630;
				LastUpgradeCheck = 2700;
				TargetAttributes = {
					000000000000000100000000 = {
						CreatedOnToolsVersion = 26.3;
					};
				};
			};
			buildConfigurationList = 000000000000000010000000 /* Build configuration list for PBXProject "LireAI" */;
			developmentRegion = en;
			hasScannedForEncodings = 0;
			knownRegions = (
				en,
				Base,
			);
			mainGroup = 000000000000000000000001;
			minimizedProjectReferenceProxies = 1;
			packageReferences = (
				B20000000000000000000020 /* XCRemoteSwiftPackageReference "swift-toolkit" */,
			);
			preferredProjectObjectVersion = 90;
			productRefGroup = 000000000000000000000020 /* Products */;
			projectDirPath = "";
			projectRoot = "";
			targets = (
				000000000000000100000000 /* LireAI */,
			);
		};
/* End PBXProject section */

/* Begin PBXResourcesBuildPhase section */
		000000000000000140000000 /* Resources */ = {
			isa = PBXResourcesBuildPhase;
			files = (
				C560A5B066E8B55647C39EB6 /* Assets.xcassets in Resources */,
				C8B7C90AF3CB94237B857EFF /* WoYuJianNiHeJuChunQiu-2.ttf in Resources */,
			);
		};
/* End PBXResourcesBuildPhase section */

/* Begin PBXSourcesBuildPhase section */
		000000000000000120000000 /* Sources */ = {
			isa = PBXSourcesBuildPhase;
			files = (
				C6DF0CF6E08F89E8E0585E31 /* ContentView.swift in Sources */,
				C3D1E54CB4195EB407202AD0 /* LibraryStore.swift in Sources */,
				CFBBB0FD0FEBF3E37395D43C /* MyApp.swift in Sources */,
				C6B873D2C1F42B1EC449835D /* AIReadingSheet.swift in Sources */,
				C0B019E9505C64FC823075FE /* BookLayoutIndexer.swift in Sources */,
				C3B2666EE34533C029E7224D /* BookPageArchive.swift in Sources */,
				C07F32A310196221EE5E31ED /* PageCurlMetalView.swift in Sources */,
				CFCF810A3D0B7C66A555BC87 /* PageCurlOverlay.swift in Sources */,
				CF51C01BFDB231F9688B2493 /* PageCurlShader.metal in Sources */,
				C6241C211AD39296EFF1D5C8 /* PageTurnCoordinator.swift in Sources */,
				C8A7551351FCB81E5F94D1C2 /* PaperFoldGeometry.swift in Sources */,
				CE490C0374D67B2E94BEB6B8 /* PendingSelection.swift in Sources */,
				C923D90989C8D62B076B94C7 /* ReaderLayoutProfile.swift in Sources */,
				C595000F97835DB1D407B142 /* ReaderNavigationSheet.swift in Sources */,
				C7BEEA1308159DD5D67D36F3 /* ReaderPaginationPrecomputer.swift in Sources */,
				CCD683FC3E0720AF993E944F /* ReaderView.swift in Sources */,
				CA82DBC58D4DF1E8AF4DD5EE /* SelectableAnswerText.swift in Sources */,
				C9087EA1033A8B7F53D8F388 /* ReadingTypography.swift in Sources */,
				C6F67FCFDD4AC00C4AAF9013 /* SettingsView.swift in Sources */,
				CEA3201134A093E504305E1B /* VocabularyNotesStore.swift in Sources */,
				CC888838B7C8DC7BFF0CB30E /* VocabularyNotesView.swift in Sources */,
				CC69D14F5B39C5596280562E /* AIAnswerRecovery.swift in Sources */,
				CBE18617C6F771034A48F54A /* AIConfiguration.swift in Sources */,
				CE2AA730DA9F097BAE90DBF0 /* AIHTTPRetry.swift in Sources */,
				C3BCFC14FE185AEB4F4243AA /* AIModelFilter.swift in Sources */,
				C1BFCFF89CA20D8F1DF38EDF /* FrenchPartOfSpeech.swift in Sources */,
				C5CF373F7584D30B92AB40DC /* LireAnswer.swift in Sources */,
				C1F843450FF5663BC9F22118 /* LireCore.swift in Sources */,
				D40000000000000000000002 /* VocabularyToolClient.swift in Sources */,
				C7205E0D83533398694D6A2E /* LireSource.swift in Sources */,
				C55C50437B96CC513AAFB255 /* VocabularyNote.swift in Sources */,
			);
		};
/* End PBXSourcesBuildPhase section */

/* Begin XCBuildConfiguration section */
		000000000000000011000000 /* Debug configuration for PBXProject "LireAI" */ = {
			isa = XCBuildConfiguration;
			buildSettings = {
				ALWAYS_SEARCH_USER_PATHS = NO;
				ASSETCATALOG_COMPILER_GENERATE_SWIFT_ASSET_SYMBOL_EXTENSIONS = YES;
				CLANG_ANALYZER_NONNULL = YES;
				CLANG_ANALYZER_NUMBER_OBJECT_CONVERSION = YES_AGGRESSIVE;
				CLANG_CXX_LANGUAGE_STANDARD = "gnu++20";
				CLANG_ENABLE_MODULES = YES;
				CLANG_ENABLE_OBJC_ARC = YES;
				CLANG_ENABLE_OBJC_WEAK = YES;
				CLANG_WARN_BLOCK_CAPTURE_AUTORELEASING = YES;
				CLANG_WARN_BOOL_CONVERSION = YES;
				CLANG_WARN_COMMA = YES;
				CLANG_WARN_CONSTANT_CONVERSION = YES;
				CLANG_WARN_DEPRECATED_OBJC_IMPLEMENTATIONS = YES;
				CLANG_WARN_DIRECT_OBJC_ISA_USAGE = YES_ERROR;
				CLANG_WARN_DOCUMENTATION_COMMENTS = YES;
				CLANG_WARN_EMPTY_BODY = YES;
				CLANG_WARN_ENUM_CONVERSION = YES;
				CLANG_WARN_INFINITE_RECURSION = YES;
				CLANG_WARN_INT_CONVERSION = YES;
				CLANG_WARN_NON_LITERAL_NULL_CONVERSION = YES;
				CLANG_WARN_OBJC_IMPLICIT_RETAIN_SELF = YES;
				CLANG_WARN_OBJC_LITERAL_CONVERSION = YES;
				CLANG_WARN_OBJC_ROOT_CLASS = YES_ERROR;
				CLANG_WARN_QUOTED_INCLUDE_IN_FRAMEWORK_HEADER = YES;
				CLANG_WARN_RANGE_LOOP_ANALYSIS = YES;
				CLANG_WARN_STRICT_PROTOTYPES = YES;
				CLANG_WARN_SUSPICIOUS_MOVE = YES;
				CLANG_WARN_UNGUARDED_AVAILABILITY = YES_AGGRESSIVE;
				CLANG_WARN_UNREACHABLE_CODE = YES;
				CLANG_WARN__DUPLICATE_METHOD_MATCH = YES;
				COPY_PHASE_STRIP = NO;
				DEAD_CODE_STRIPPING = YES;
				DEBUG_INFORMATION_FORMAT = dwarf;
				DRIVERKIT_DEPLOYMENT_TARGET = 27.0;
				ENABLE_STRICT_OBJC_MSGSEND = YES;
				ENABLE_TESTABILITY = YES;
				ENABLE_USER_SCRIPT_SANDBOXING = YES;
				GCC_C_LANGUAGE_STANDARD = gnu17;
				GCC_DYNAMIC_NO_PIC = NO;
				GCC_NO_COMMON_BLOCKS = YES;
				GCC_OPTIMIZATION_LEVEL = 0;
				GCC_PREPROCESSOR_DEFINITIONS = (
					"DEBUG=1",
					"$(inherited)",
				);
				GCC_WARN_64_TO_32_BIT_CONVERSION = YES;
				GCC_WARN_ABOUT_RETURN_TYPE = YES_ERROR;
				GCC_WARN_UNDECLARED_SELECTOR = YES;
				GCC_WARN_UNINITIALIZED_AUTOS = YES_AGGRESSIVE;
				GCC_WARN_UNUSED_FUNCTION = YES;
				GCC_WARN_UNUSED_VARIABLE = YES;
				IPHONEOS_DEPLOYMENT_TARGET = 18.4;
				LOCALIZATION_PREFERS_STRING_CATALOGS = YES;
				MACOSX_DEPLOYMENT_TARGET = 15.0;
				MTL_ENABLE_DEBUG_INFO = INCLUDE_SOURCE;
				MTL_FAST_MATH = YES;
				ONLY_ACTIVE_ARCH = YES;
				PROJECT_UNIQUE_VALUE = IS4G5EZW;
				STRING_CATALOG_GENERATE_SYMBOLS = YES;
				SWIFT_ACTIVE_COMPILATION_CONDITIONS = "DEBUG $(inherited)";
				SWIFT_OPTIMIZATION_LEVEL = "-Onone";
				TVOS_DEPLOYMENT_TARGET = 27.0;
				WATCHOS_DEPLOYMENT_TARGET = 27.0;
				XROS_DEPLOYMENT_TARGET = 27.0;
			};
			name = Debug;
		};
		000000000000000012000000 /* Release configuration for PBXProject "LireAI" */ = {
			isa = XCBuildConfiguration;
			buildSettings = {
				ALWAYS_SEARCH_USER_PATHS = NO;
				ASSETCATALOG_COMPILER_GENERATE_SWIFT_ASSET_SYMBOL_EXTENSIONS = YES;
				CLANG_ANALYZER_NONNULL = YES;
				CLANG_ANALYZER_NUMBER_OBJECT_CONVERSION = YES_AGGRESSIVE;
				CLANG_CXX_LANGUAGE_STANDARD = "gnu++20";
				CLANG_ENABLE_MODULES = YES;
				CLANG_ENABLE_OBJC_ARC = YES;
				CLANG_ENABLE_OBJC_WEAK = YES;
				CLANG_WARN_BLOCK_CAPTURE_AUTORELEASING = YES;
				CLANG_WARN_BOOL_CONVERSION = YES;
				CLANG_WARN_COMMA = YES;
				CLANG_WARN_CONSTANT_CONVERSION = YES;
				CLANG_WARN_DEPRECATED_OBJC_IMPLEMENTATIONS = YES;
				CLANG_WARN_DIRECT_OBJC_ISA_USAGE = YES_ERROR;
				CLANG_WARN_DOCUMENTATION_COMMENTS = YES;
				CLANG_WARN_EMPTY_BODY = YES;
				CLANG_WARN_ENUM_CONVERSION = YES;
				CLANG_WARN_INFINITE_RECURSION = YES;
				CLANG_WARN_INT_CONVERSION = YES;
				CLANG_WARN_NON_LITERAL_NULL_CONVERSION = YES;
				CLANG_WARN_OBJC_IMPLICIT_RETAIN_SELF = YES;
				CLANG_WARN_OBJC_LITERAL_CONVERSION = YES;
				CLANG_WARN_OBJC_ROOT_CLASS = YES_ERROR;
				CLANG_WARN_QUOTED_INCLUDE_IN_FRAMEWORK_HEADER = YES;
				CLANG_WARN_RANGE_LOOP_ANALYSIS = YES;
				CLANG_WARN_STRICT_PROTOTYPES = YES;
				CLANG_WARN_SUSPICIOUS_MOVE = YES;
				CLANG_WARN_UNGUARDED_AVAILABILITY = YES_AGGRESSIVE;
				CLANG_WARN_UNREACHABLE_CODE = YES;
				CLANG_WARN__DUPLICATE_METHOD_MATCH = YES;
				COPY_PHASE_STRIP = NO;
				DEAD_CODE_STRIPPING = YES;
				DEBUG_INFORMATION_FORMAT = "dwarf-with-dsym";
				DRIVERKIT_DEPLOYMENT_TARGET = 27.0;
				ENABLE_NS_ASSERTIONS = NO;
				ENABLE_STRICT_OBJC_MSGSEND = YES;
				ENABLE_USER_SCRIPT_SANDBOXING = YES;
				GCC_C_LANGUAGE_STANDARD = gnu17;
				GCC_NO_COMMON_BLOCKS = YES;
				GCC_WARN_64_TO_32_BIT_CONVERSION = YES;
				GCC_WARN_ABOUT_RETURN_TYPE = YES_ERROR;
				GCC_WARN_UNDECLARED_SELECTOR = YES;
				GCC_WARN_UNINITIALIZED_AUTOS = YES_AGGRESSIVE;
				GCC_WARN_UNUSED_FUNCTION = YES;
				GCC_WARN_UNUSED_VARIABLE = YES;
				IPHONEOS_DEPLOYMENT_TARGET = 18.4;
				LOCALIZATION_PREFERS_STRING_CATALOGS = YES;
				MACOSX_DEPLOYMENT_TARGET = 15.0;
				MTL_ENABLE_DEBUG_INFO = NO;
				MTL_FAST_MATH = YES;
				PROJECT_UNIQUE_VALUE = IS4G5EZW;
				STRING_CATALOG_GENERATE_SYMBOLS = YES;
				SWIFT_COMPILATION_MODE = wholemodule;
				TVOS_DEPLOYMENT_TARGET = 27.0;
				WATCHOS_DEPLOYMENT_TARGET = 27.0;
				XROS_DEPLOYMENT_TARGET = 27.0;
			};
			name = Release;
		};
		000000000000000111000000 /* Debug configuration for PBXNativeTarget "LireAI" */ = {
			isa = XCBuildConfiguration;
			buildSettings = {
				ASSETCATALOG_COMPILER_APPICON_NAME = AppIcon;
				ASSETCATALOG_COMPILER_INCLUDE_ALL_APPICON_ASSETS = NO;
				CODE_SIGN_STYLE = Automatic;
				CURRENT_PROJECT_VERSION = 1;
				DEVELOPMENT_TEAM = G3SY7N8M9C;
				ENABLE_APP_SANDBOX = YES;
				ENABLE_PREVIEWS = YES;
				ENABLE_USER_SELECTED_FILES = readonly;
				GENERATE_INFOPLIST_FILE = NO;
				INFOPLIST_FILE = "Configuration/LireAI-Info.plist";
				"INFOPLIST_KEY_UIApplicationSceneManifest_Generation[sdk=iphoneos*]" = YES;
				"INFOPLIST_KEY_UIApplicationSceneManifest_Generation[sdk=iphonesimulator*]" = YES;
				"INFOPLIST_KEY_UIApplicationSupportsIndirectInputEvents[sdk=iphoneos*]" = YES;
				"INFOPLIST_KEY_UIApplicationSupportsIndirectInputEvents[sdk=iphonesimulator*]" = YES;
				"INFOPLIST_KEY_UILaunchScreen_Generation[sdk=iphoneos*]" = YES;
				"INFOPLIST_KEY_UILaunchScreen_Generation[sdk=iphonesimulator*]" = YES;
				"INFOPLIST_KEY_UIStatusBarStyle[sdk=iphoneos*]" = UIStatusBarStyleDefault;
				"INFOPLIST_KEY_UIStatusBarStyle[sdk=iphonesimulator*]" = UIStatusBarStyleDefault;
				INFOPLIST_KEY_UISupportedInterfaceOrientations_iPad = "UIInterfaceOrientationPortrait UIInterfaceOrientationPortraitUpsideDown UIInterfaceOrientationLandscapeLeft UIInterfaceOrientationLandscapeRight";
				INFOPLIST_KEY_UISupportedInterfaceOrientations_iPhone = UIInterfaceOrientationPortrait;
				LD_RUNPATH_SEARCH_PATHS = "@executable_path/Frameworks";
				"LD_RUNPATH_SEARCH_PATHS[sdk=macosx*]" = "@executable_path/../Frameworks";
				MARKETING_VERSION = 1.0;
				PRODUCT_BUNDLE_IDENTIFIER = com.wangjiahao.LireAI;
				PRODUCT_NAME = "$(TARGET_NAME)";
				SDKROOT = iphoneos;
				STRING_CATALOG_GENERATE_SYMBOLS = YES;
				SUPPORTED_PLATFORMS = "iphoneos iphonesimulator";
				SWIFT_APPROACHABLE_CONCURRENCY = YES;
				SWIFT_DEFAULT_ACTOR_ISOLATION = MainActor;
				SWIFT_EMIT_LOC_STRINGS = YES;
				SWIFT_UPCOMING_FEATURE_MEMBER_IMPORT_VISIBILITY = YES;
				SWIFT_VERSION = 5.0;
				TARGETED_DEVICE_FAMILY = 1;
			};
			name = Debug;
		};
		000000000000000112000000 /* Release configuration for PBXNativeTarget "LireAI" */ = {
			isa = XCBuildConfiguration;
			buildSettings = {
				ASSETCATALOG_COMPILER_APPICON_NAME = AppIcon;
				ASSETCATALOG_COMPILER_INCLUDE_ALL_APPICON_ASSETS = NO;
				CODE_SIGN_STYLE = Automatic;
				CURRENT_PROJECT_VERSION = 1;
				DEVELOPMENT_TEAM = G3SY7N8M9C;
				ENABLE_APP_SANDBOX = YES;
				ENABLE_PREVIEWS = YES;
				ENABLE_USER_SELECTED_FILES = readonly;
				GENERATE_INFOPLIST_FILE = NO;
				INFOPLIST_FILE = "Configuration/LireAI-Info.plist";
				"INFOPLIST_KEY_UIApplicationSceneManifest_Generation[sdk=iphoneos*]" = YES;
				"INFOPLIST_KEY_UIApplicationSceneManifest_Generation[sdk=iphonesimulator*]" = YES;
				"INFOPLIST_KEY_UIApplicationSupportsIndirectInputEvents[sdk=iphoneos*]" = YES;
				"INFOPLIST_KEY_UIApplicationSupportsIndirectInputEvents[sdk=iphonesimulator*]" = YES;
				"INFOPLIST_KEY_UILaunchScreen_Generation[sdk=iphoneos*]" = YES;
				"INFOPLIST_KEY_UILaunchScreen_Generation[sdk=iphonesimulator*]" = YES;
				"INFOPLIST_KEY_UIStatusBarStyle[sdk=iphoneos*]" = UIStatusBarStyleDefault;
				"INFOPLIST_KEY_UIStatusBarStyle[sdk=iphonesimulator*]" = UIStatusBarStyleDefault;
				INFOPLIST_KEY_UISupportedInterfaceOrientations_iPad = "UIInterfaceOrientationPortrait UIInterfaceOrientationPortraitUpsideDown UIInterfaceOrientationLandscapeLeft UIInterfaceOrientationLandscapeRight";
				INFOPLIST_KEY_UISupportedInterfaceOrientations_iPhone = UIInterfaceOrientationPortrait;
				LD_RUNPATH_SEARCH_PATHS = "@executable_path/Frameworks";
				"LD_RUNPATH_SEARCH_PATHS[sdk=macosx*]" = "@executable_path/../Frameworks";
				MARKETING_VERSION = 1.0;
				PRODUCT_BUNDLE_IDENTIFIER = com.wangjiahao.LireAI;
				PRODUCT_NAME = "$(TARGET_NAME)";
				SDKROOT = iphoneos;
				STRING_CATALOG_GENERATE_SYMBOLS = YES;
				SUPPORTED_PLATFORMS = "iphoneos iphonesimulator";
				SWIFT_APPROACHABLE_CONCURRENCY = YES;
				SWIFT_DEFAULT_ACTOR_ISOLATION = MainActor;
				SWIFT_EMIT_LOC_STRINGS = YES;
				SWIFT_UPCOMING_FEATURE_MEMBER_IMPORT_VISIBILITY = YES;
				SWIFT_VERSION = 5.0;
				TARGETED_DEVICE_FAMILY = 1;
			};
			name = Release;
		};
/* End XCBuildConfiguration section */

/* Begin XCConfigurationList section */
		000000000000000010000000 /* Build configuration list for PBXProject "LireAI" */ = {
			isa = XCConfigurationList;
			buildConfigurations = (
				000000000000000011000000 /* Debug configuration for PBXProject "LireAI" */,
				000000000000000012000000 /* Release configuration for PBXProject "LireAI" */,
			);
			defaultConfigurationName = Release;
		};
		000000000000000110000000 /* Build configuration list for PBXNativeTarget "LireAI" */ = {
			isa = XCConfigurationList;
			buildConfigurations = (
				000000000000000111000000 /* Debug configuration for PBXNativeTarget "LireAI" */,
				000000000000000112000000 /* Release configuration for PBXNativeTarget "LireAI" */,
			);
			defaultConfigurationName = Release;
		};
/* End XCConfigurationList section */

/* Begin XCRemoteSwiftPackageReference section */
		B20000000000000000000020 /* XCRemoteSwiftPackageReference "swift-toolkit" */ = {
			isa = XCRemoteSwiftPackageReference;
			repositoryURL = "https://github.com/readium/swift-toolkit.git";
			requirement = {
				kind = exactVersion;
				version = 3.11.0;
			};
		};
/* End XCRemoteSwiftPackageReference section */

/* Begin XCSwiftPackageProductDependency section */
		B20000000000000000000021 /* ReadiumShared */ = {
			isa = XCSwiftPackageProductDependency;
			package = B20000000000000000000020 /* XCRemoteSwiftPackageReference "swift-toolkit" */;
			productName = ReadiumShared;
		};
		B20000000000000000000022 /* ReadiumStreamer */ = {
			isa = XCSwiftPackageProductDependency;
			package = B20000000000000000000020 /* XCRemoteSwiftPackageReference "swift-toolkit" */;
			productName = ReadiumStreamer;
		};
		B20000000000000000000023 /* ReadiumNavigator */ = {
			isa = XCSwiftPackageProductDependency;
			package = B20000000000000000000020 /* XCRemoteSwiftPackageReference "swift-toolkit" */;
			productName = ReadiumNavigator;
		};
/* End XCSwiftPackageProductDependency section */
	};
	rootObject = 000000000000000000000000 /* Project object */;
}
